
Microsoft Visual Studio Solution File, Format Version 12.00
# Visual Studio Version 17
VisualStudioVersion = 17.3.32929.385
MinimumVisualStudioVersion = 10.0.40219.1
Project("{9A19103F-16F7-4668-BE54-9A1E7A4F7556}") = "MovieTask", "MovieTask\MovieTask.csproj", "{755C9008-D844-41B9-B0C6-B839005F3F52}"
EndProject
Global
	GlobalSection(SolutionConfigurationPlatforms) = preSolution
		Debug|Any CPU = Debug|Any CPU
		Release|Any CPU = Release|Any CPU
	EndGlobalSection
	GlobalSection(ProjectConfigurationPlatforms) = postSolution
		{755C9008-D844-41B9-B0C6-B839005F3F52}.Debug|Any CPU.ActiveCfg = Debug|Any CPU
		{755C9008-D844-41B9-B0C6-B839005F3F52}.Debug|Any CPU.Build.0 = Debug|Any CPU
		{755C9008-D844-41B9-B0C6-B839005F3F52}.Release|Any CPU.ActiveCfg = Release|Any CPU
		{755C9008-D844-41B9-B0C6-B839005F3F52}.Release|Any CPU.Build.0 = Release|Any CPU
	EndGlobalSection
	GlobalSection(SolutionProperties) = preSolution
		HideSolutionNode = FALSE
	EndGlobalSection
	GlobalSection(ExtensibilityGlobals) = postSolution
		SolutionGuid = {5359ED28-6F85-4A7E-A7E1-4DE3E3101B18}
	EndGlobalSection
EndGlobal
